
Microsoft Visual Studio Solution File, Format Version 12.00
# Visual Studio 14
VisualStudioVersion = 14.0.24720.0
MinimumVisualStudioVersion = 10.0.40219.1
Project("{FAE04EC0-301F-11D3-BF4B-00C04F79EFBC}") = "GoodsFromWebStoreApplication", "GoodsFromWebStoreApplication\GoodsFromWebStoreApplication.csproj", "{88095959-9CC1-4B24-A8FB-FD1CC9D0A807}"
EndProject
Project("{FAE04EC0-301F-11D3-BF4B-00C04F79EFBC}") = "GoodsFromWebStoreLibrary", "GoodsFromWebStore\GoodsFromWebStoreLibrary.csproj", "{BFF18744-339B-4956-95DE-1F47000F8F14}"
EndProject
Global
	GlobalSection(SolutionConfigurationPlatforms) = preSolution
		Debug|Any CPU = Debug|Any CPU
		Release|Any CPU = Release|Any CPU
	EndGlobalSection
	GlobalSection(ProjectConfigurationPlatforms) = postSolution
		{88095959-9CC1-4B24-A8FB-FD1CC9D0A807}.Debug|Any CPU.ActiveCfg = Debug|Any CPU
		{88095959-9CC1-4B24-A8FB-FD1CC9D0A807}.Debug|Any CPU.Build.0 = Debug|Any CPU
		{88095959-9CC1-4B24-A8FB-FD1CC9D0A807}.Release|Any CPU.ActiveCfg = Release|Any CPU
		{88095959-9CC1-4B24-A8FB-FD1CC9D0A807}.Release|Any CPU.Build.0 = Release|Any CPU
		{BFF18744-339B-4956-95DE-1F47000F8F14}.Debug|Any CPU.ActiveCfg = Debug|Any CPU
		{BFF18744-339B-4956-95DE-1F47000F8F14}.Debug|Any CPU.Build.0 = Debug|Any CPU
		{BFF18744-339B-4956-95DE-1F47000F8F14}.Release|Any CPU.ActiveCfg = Release|Any CPU
		{BFF18744-339B-4956-95DE-1F47000F8F14}.Release|Any CPU.Build.0 = Release|Any CPU
	EndGlobalSection
	GlobalSection(SolutionProperties) = preSolution
		HideSolutionNode = FALSE
	EndGlobalSection
EndGlobal
